# This file was autogenerated by Stack.
# You should not edit this file by hand.
# For more information, please see the documentation at:
#   https://docs.haskellstack.org/en/stable/lock_files

packages:
- completed:
    hackage: ixset-1.1.1@sha256:b51a990fef4f8e82b0f508765a4a19b124df6cb320e64e841f9fc51d58b7ff74,1597
    pantry-tree:
      size: 388
      sha256: 3843dc696f0c93fc6e73051a94455dc08136db684a05af3ad26424cfefdaf4ff
  original:
    hackage: ixset-1.1.1
- completed:
    hackage: syb-with-class-0.6.1.10@sha256:4b2b866a0a2e34e84fd5c817581fb0aba83f2539777a33af44668956d5ec99e1,1528
    pantry-tree:
      size: 477
      sha256: deb169bfdaa6a5be49ba84f1c3ed6f794d128618e70a280dcc3b16e196964930
  original:
    hackage: syb-with-class-0.6.1.10
- completed:
    hackage: brick-0.47@sha256:4936c50acfdf09620dad5217fb384fc0d59626f75abed8b48250b419ec2ab623,13852
    pantry-tree:
      size: 3752
      sha256: 22f91953437e5bfa806b7b89b56f8297ec7ff05d11d1a2328a75204d45bfa1a6
  original:
    hackage: brick-0.47
- completed:
    hackage: config-ini-0.2.4.0@sha256:38a6d484d471c6fac81445de2eac8c4e8c82760962fca5491ae1c3bfca9c4047,3232
    pantry-tree:
      size: 886
      sha256: b608472507ec84e468f768acab36d8c85b46bcf918f2a60604fff46137160d2d
  original:
    hackage: config-ini-0.2.4.0
- completed:
    hackage: data-clist-0.1.2.2@sha256:4d70add0a200a178853cd37c6469101bac3c36aebb3aa9c503ff225211b1a8c9,936
    pantry-tree:
      size: 219
      sha256: 1ebcc75682379366f03666c2de30d04ef49684b48bd4529afdc5bfa750b4af61
  original:
    hackage: data-clist-0.1.2.2
- completed:
    hackage: text-zipper-0.10.1@sha256:8b73a97a3717a17df9b0a722b178950c476ff2268ca5c583e99d010c94af849e,1471
    pantry-tree:
      size: 600
      sha256: ebd5f0e2fc8c59b1bde6706cef1fdb012d52bb26b3953a97a4fa6502f56cdd65
  original:
    hackage: text-zipper-0.10.1
- completed:
    hackage: word-wrap-0.4.1@sha256:f72233b383ef569c557bfd9812cbb8e306c415ce509082c0bd15ee51c0239ccc,1606
    pantry-tree:
      size: 423
      sha256: dcf5071895ee477e60e3c9de1e30eb711e11e9a7335db160616f80baeb20ad71
  original:
    hackage: word-wrap-0.4.1
- completed:
    hackage: cursor-0.0.0.1@sha256:51bacccfc32cf5c1e5c75ee0ceee0600a8dbac03d25b06fbc1e6e5039dadf39d,1512
    pantry-tree:
      size: 1712
      sha256: be65bf9670daf587efd9f8241f209f9a114975fc8476c45de9b2e929cc7a5e99
  original:
    hackage: cursor-0.0.0.1
snapshots:
- completed:
    size: 500539
    url: https://raw.githubusercontent.com/commercialhaskell/stackage-snapshots/master/lts/13/27.yaml
    sha256: 690db832392afe55733b4c7023fd29b1b1c660ee42f1fb505b86b07394ca994e
  original: lts-13.27
